{
  "name": "zf-shift-board",
  "version": "0.1.0",
  "lockfileVersion": 3,
  "requires": true,
  "packages": {
    "": {
      "name": "zf-shift-board",
      "version": "0.1.0",
      "dependencies": {
        "@vitejs/plugin-react": "latest",
        "react": "latest",
        "react-dom": "latest",
        "tesseract.js": "latest",
        "typescript": "latest",
        "vite": "latest"
      },
      "devDependencies": {
        "@types/react": "latest",
        "@types/react-dom": "latest",
        "canvas": "^3.2.3",
        "jsdom": "^30.1.1",
        "vitest": "latest"
      }
    },
    "node_modules/@asamuzakjp/css-color": {
      "version": "7.1.2",
      "resolved": "https://registry.npmjs.org/@asamuzakjp/css-color/-/css-color-7.1.2.tgz",
      "integrity": "sha512-99DHAnXDB5z6EEK+9GMpVI7Mw4oxj97dY5bpOzMnjADQWxI8rN6TvTduuFLUhUMlS7/CfVZ06tcZsus6cltnNw==",
      "dev": true,
      "license": "MIT",
      "dependencies": {
        "@csstools/css-calc": "^3.4.1",
        "@csstools/css-color-parser": "^4.2.4",
        "@csstools/css-parser-algorithms": "^4.0.1",
        "@csstools/css-tokenizer": "^4.0.2",
        "lru-cache": "^11.5.3"
      },
      "engines": {
        "node": "^22.22.2 || ^24.15.0 || >=26.0.0"
      }
    },
    "node_modules/@asamuzakjp/dom-selector": {
      "version": "9.2.3",
      "resolved": "https://registry.npmjs.org/@asamuzakjp/dom-selector/-/dom-selector-9.2.3.tgz",
      "integrity": "sha512-MDKmPBa6CfNN1zAJroTl7Uc+nBbcNtfE/F24iROfZAtcLffEeY3IbHR8XeHH5dJBspMYTpAsjEYmnp3tAmoVxw==",
      "dev": true,
      "license": "MIT",
      "dependencies": {
        "bidi-js": "^1.1.0",
        "css-tree": "^3.2.1",
        "is-potential-custom-element-name": "^1.0.1",
        "lru-cache": "^11.5.3"
      },
      "engines": {
        "node": "^22.22.2 || ^24.15.0 || >=26.0.0"
      }
    },
    "node_modules/@bramus/specificity": {
      "version": "2.4.2",
      "resolved": "https://registry.npmjs.org/@bramus/specificity/-/specificity-2.4.2.tgz",
      "integrity": "sha512-ctxtJ/eA+t+6q2++vj5j7FYX3nRu311q1wfYH3xjlLOsczhlhxAg2FWNUXhpGvAw3BWo1xBcvOV6/YLc2r5FJw==",
      "dev": true,
      "license": "MIT",
      "dependencies": {
        "css-tree": "^3.0.0"
      },
      "bin": {
        "specificity": "bin/cli.js"
      }
    },
    "node_modules/@csstools/color-helpers": {
      "version": "6.1.2",
      "resolved": "https://registry.npmjs.org/@csstools/color-helpers/-/color-helpers-6.1.2.tgz",
      "integrity": "sha512-grhRy3OKmniaAEKXMjua5z/EODX0MSqBGjunw8+j/3HQjOnahs2AGhvEOIYVUWcU6ScApbhLhVrQTX8XqrMrow==",
      "dev": true,
      "funding": [
        {
          "type": "github",
          "url": "https://github.com/sponsors/csstools"
        },
        {
          "type": "opencollective",
          "url": "https://opencollective.com/csstools"
        }
      ],
      "license": "MIT-0",
      "engines": {
        "node": ">=20.19.0"
      }
    },
    "node_modules/@csstools/css-calc": {
      "version": "3.4.2",
      "resolved": "https://registry.npmjs.org/@csstools/css-calc/-/css-calc-3.4.2.tgz",
      "integrity": "sha512-tL6LRF844sHjAKO7jt2w+uHo8Tocqpb9+KPUvIQETpR4RU87IaUzDuOV0QyzuQ37jmzFgwPHLLtLu/PDuH5qgg==",
      "dev": true,
      "funding": [
        {
          "type": "github",
          "url": "https://github.com/sponsors/csstools"
        },
        {
          "type": "opencollective",
          "url": "https://opencollective.com/csstools"
        }
      ],
      "license": "MIT",
      "engines": {
        "node": ">=20.19.0"
      },
      "peerDependencies": {
        "@csstools/css-parser-algorithms": "^4.0.2",
        "@csstools/css-tokenizer": "^4.0.2"
      }
    },
    "node_modules/@csstools/css-color-parser": {
      "version": "4.2.5",
      "resolved": "https://registry.npmjs.org/@csstools/css-color-parser/-/css-color-parser-4.2.5.tgz",
      "integrity": "sha512-Qqbp5pjbMwoaErP2t5qne5QDVDr3G5243oNW8ev5zfyyoqbzrQKbYDpKP/cuo3xBkzwqZqpP/rChrJhBdyTX7g==",
      "dev": true,
      "funding": [
        {
          "type": "github",
          "url": "https://github.com/sponsors/csstools"
        },
        {
          "type": "opencollective",
          "url": "https://opencollective.com/csstools"
        }
      ],
      "license": "MIT",
      "dependencies": {
        "@csstools/color-helpers": "^6.1.2",
        "@csstools/css-calc": "^3.4.2"
      },
      "engines": {
        "node": ">=20.19.0"
      },
      "peerDependencies": {
        "@csstools/css-parser-algorithms": "^4.0.2",
        "@csstools/css-tokenizer": "^4.0.2"
      }
    },
    "node_modules/@csstools/css-parser-algorithms": {
      "version": "4.0.2",
      "resolved": "https://registry.npmjs.org/@csstools/css-parser-algorithms/-/css-parser-algorithms-4.0.2.tgz",
      "integrity": "sha512-40cSKyMvK+tq4qz6Awrlye2WGuOKt3FwPgtGg6KTfbHOWNw+Rk1rzbAtZnZ6IBhsY491HLRnDXwoyBAijmmILA==",
      "dev": true,
      "funding": [
        {
          "type": "github",
          "url": "https://github.com/sponsors/csstools"
        },
        {
          "type": "opencollective",
          "url": "https://opencollective.com/csstools"
        }
      ],
      "license": "MIT",
      "engines": {
        "node": ">=20.19.0"
      },
      "peerDependencies": {
        "@csstools/css-tokenizer": "^4.0.2"
      }
    },
    "node_modules/@csstools/css-syntax-patches-for-csstree": {
      "version": "1.1.15",
      "resolved": "https://registry.npmjs.org/@csstools/css-syntax-patches-for-csstree/-/css-syntax-patches-for-csstree-1.1.15.tgz",
      "integrity": "sha512-J0u7HkVl2nzSlhsiTOp4AmwcUQ3D+mGEEKfBy/7To5/y7F2OHwyLrXfrhR0SMgr4p5Lo+eaMVSeai24zUcBIxA==",
      "dev": true,
      "funding": [
        {
          "type": "github",
          "url": "https://github.com/sponsors/csstools"
        },
        {
          "type": "opencollective",
          "url": "https://opencollective.com/csstools"
        }
      ],
      "license": "MIT-0",
      "peerDependencies": {
        "css-tree": "^3.2.1"
      },
      "peerDependenciesMeta": {
        "css-tree": {
          "optional": true
        }
      }
    },
    "node_modules/@csstools/css-tokenizer": {
      "version": "4.0.2",
      "resolved": "https://registry.npmjs.org/@csstools/css-tokenizer/-/css-tokenizer-4.0.2.tgz",
      "integrity": "sha512-OoKoR0f76dCY666JlcbhmVTs2drYj1GUXZTYTcbUgJjh9Nv41aFfZ21bPQTERm5+L5cBDo466NltB2lplS5GBw==",
      "dev": true,
      "funding": [
        {
          "type": "github",
          "url": "https://github.com/sponsors/csstools"
        },
        {
          "type": "opencollective",
          "url": "https://opencollective.com/csstools"
        }
      ],
      "license": "MIT",
      "engines": {
        "node": ">=20.19.0"
      }
    },
    "node_modules/@exodus/bytes": {
      "version": "1.16.0",
      "resolved": "https://registry.npmjs.org/@exodus/bytes/-/bytes-1.16.0.tgz",
      "integrity": "sha512-IcpW84uEn3N7ETtNZMlxKhfl6Pec8rUNGOTBtWbK1FKhJxIFAptZyVrvVRVBimAJxJCgc3PxepxkdWWG4DVzfA==",
      "dev": true,
      "license": "MIT",
      "engines": {
        "node": "^20.19.0 || ^22.12.0 || >=24.0.0"
      },
      "peerDependencies": {
        "@noble/hashes": "^1.8.0 || ^2.0.0"
      },
      "peerDependenciesMeta": {
        "@noble/hashes": {
          "optional": true
        }
      }
    },
    "node_modules/@jridgewell/resolve-uri": {
      "version": "3.1.2",
      "resolved": "https://registry.npmjs.org/@jridgewell/resolve-uri/-/resolve-uri-3.1.2.tgz",
      "integrity": "sha512-bRISgCIjP20/tbWSPWMEi54QVPRZExkuD9lJL+UIxUKtwVJA8wW1Trb1jMs1RFXo1CBTNZ/5hpC9QvmKWdopKw==",
      "dev": true,
      "license": "MIT",
      "engines": {
        "node": ">=6.0.0"
      }
    },
    "node_modules/@jridgewell/sourcemap-codec": {
      "version": "1.6.0",
      "resolved": "https://registry.npmjs.org/@jridgewell/sourcemap-codec/-/sourcemap-codec-1.6.0.tgz",
      "integrity": "sha512-T7jf+5zgsZHwNJ4lvQ7/aezbyk0nNX+zJVWpmHA7VYsEx7a7qr5Rg5IbtJFqkgze5Y2sruq1RUY8Q837Od7iFw==",
      "dev": true,
      "license": "MIT"
    },
    "node_modules/@jridgewell/trace-mapping": {
      "version": "0.3.31",
      "resolved": "https://registry.npmjs.org/@jridgewell/trace-mapping/-/trace-mapping-0.3.31.tgz",
      "integrity": "sha512-zzNR+SdQSDJzc8joaeP8QQoCQr8NuYx2dIIytl1QeBEZHJ9uW6hebsrYgbz8hJwUQao3TWCMtmfV8Nu1twOLAw==",
      "dev": true,
      "license": "MIT",
      "dependencies": {
        "@jridgewell/resolve-uri": "^3.1.0",
        "@jridgewell/sourcemap-codec": "^1.4.14"
      }
    },
    "node_modules/@oxc-project/types": {
      "version": "0.152.0",
      "resolved": "https://registry.npmjs.org/@oxc-project/types/-/types-0.152.0.tgz",
      "integrity": "sha512-oM/5rLBm2tPkg0iBgkH/FOeR3PCDpY19GTgAZjMFM8h9WI9VW7cLgzp6nwtarYKmovavIQZ+Fe/RKX/8C8O/Rw==",
      "license": "MIT",
      "funding": {
        "url": "https://github.com/sponsors/oxc-project"
      }
    },
    "node_modules/@rolldown/binding-android-arm-eabi": {
      "version": "1.2.12",
      "resolved": "https://registry.npmjs.org/@rolldown/binding-android-arm-eabi/-/binding-android-arm-eabi-1.2.12.tgz",
      "integrity": "sha512-dB/a1214qKfHMXCpgqR4OZT+jS4kTyEXbQGJPqzobt5EwH5rX080pxE37alt3RzvR1bf1Yz/yGqRfrYAxuPw0A==",
      "cpu": [
        "arm"
      ],
      "license": "MIT",
      "optional": true,
      "os": [
        "android"
      ],
      "engines": {
        "node": "^20.19.0 || >=22.12.0"
      }
    },
    "node_modules/@rolldown/binding-android-arm64": {
      "version": "1.2.12",
      "resolved": "https://registry.npmjs.org/@rolldown/binding-android-arm64/-/binding-android-arm64-1.2.12.tgz",
      "integrity": "sha512-7KHFgQ5VJxIHcLlrwrc3Xbds7oTNQT7Pgi9gQCJKrd2VGab/UksIOYp6VD8MzCstGxOKMgNamPwUCfxPdP1OHg==",
      "cpu": [
        "arm64"
      ],
      "license": "MIT",
      "optional": true,
      "os": [
        "android"
      ],
      "engines": {
        "node": "^20.19.0 || >=22.12.0"
      }
    },
    "node_modules/@rolldown/binding-darwin-arm64": {
      "version": "1.2.12",
      "resolved": "https://registry.npmjs.org/@rolldown/binding-darwin-arm64/-/binding-darwin-arm64-1.2.12.tgz",
      "integrity": "sha512-3YIhqHD96nA5SaYNRBR16HnGv4oavZvXfD/ayHM+oYZ0WD/8lBAtf6zQua4kEyAvpqrluKXl0lnOBoiNby7x9w==",
      "cpu": [
        "arm64"
      ],
      "license": "MIT",
      "optional": true,
      "os": [
        "darwin"
      ],
      "engines": {
        "node": "^20.19.0 || >=22.12.0"
      }
    },
    "node_modules/@rolldown/binding-darwin-x64": {
      "version": "1.2.12",
      "resolved": "https://registry.npmjs.org/@rolldown/binding-darwin-x64/-/binding-darwin-x64-1.2.12.tgz",
      "integrity": "sha512-UuuJ35MFw4gmFOrE9pEqIV+K3syIKveph+Qc1/ljHZVdoDW4pz/JHR/eMVom+TZGl/5OOvGJOWaOCVt3ZfqhxA==",
      "cpu": [
        "x64"
      ],
      "license": "MIT",
      "optional": true,
      "os": [
        "darwin"
      ],
      "engines": {
        "node": "^20.19.0 || >=22.12.0"
      }
    },
    "node_modules/@rolldown/binding-freebsd-x64": {
      "version": "1.2.12",
      "resolved": "https://registry.npmjs.org/@rolldown/binding-freebsd-x64/-/binding-freebsd-x64-1.2.12.tgz",
      "integrity": "sha512-uMvssit0a4W+/7D8CbHUvG719mH3R2jwXAlh/XcPvuHTE0g++LymF88DCGNX0HM2rBOn0xrzgXktIB6fLSJBTQ==",
      "cpu": [
        "x64"
      ],
      "license": "MIT",
      "optional": true,
      "os": [
        "freebsd"
      ],
      "engines": {
        "node": "^20.19.0 || >=22.12.0"
      }
    },
    "node_modules/@rolldown/binding-linux-arm-gnueabihf": {
      "version": "1.2.12",
      "resolved": "https://registry.npmjs.org/@rolldown/binding-linux-arm-gnueabihf/-/binding-linux-arm-gnueabihf-1.2.12.tgz",
      "integrity": "sha512-XcFu0R0xWnwzSf4IQgFH1rJIckPN1pLy2R+4r9IDB7Yfu/ys9cVqfa4pBrMHj7a3gl8mIR4nRNPg0e5IvEVs6g==",
      "cpu": [
        "arm"
      ],
      "license": "MIT",
      "optional": true,
      "os": [
        "linux"
      ],
      "engines": {
        "node": "^20.19.0 || >=22.12.0"
      }
    },
    "node_modules/@rolldown/binding-linux-arm64-gnu": {
      "version": "1.2.12",
      "resolved": "https://registry.npmjs.org/@rolldown/binding-linux-arm64-gnu/-/binding-linux-arm64-gnu-1.2.12.tgz",
      "integrity": "sha512-260UrKgn8tz39ak+SMDOirKzr7V04M9dWPw5llW00SwBivCZoWcRBKV1d8cXnRkUmSZA3BdiUmBHWk7734Ulpw==",
      "cpu": [
        "arm64"
      ],
      "libc": [
        "glibc"
      ],
      "license": "MIT",
      "optional": true,
      "os": [
        "linux"
      ],
      "engines": {
        "node": "^20.19.0 || >=22.12.0"
      }
    },
    "node_modules/@rolldown/binding-linux-arm64-musl": {
      "version": "1.2.12",
      "resolved": "https://registry.npmjs.org/@rolldown/binding-linux-arm64-musl/-/binding-linux-arm64-musl-1.2.12.tgz",
      "integrity": "sha512-5YK1I9SqDkbPgc1IA8BgDl34suqUS2q0KWnBrirm0E51YjOs6eo6dV6jbQfNE/argHRSvd0QUGgtpIoYx+WWpw==",
      "cpu": [
        "arm64"
      ],
      "libc": [
        "musl"
      ],
      "license": "MIT",
      "optional": true,
      "os": [
        "linux"
      ],
      "engines": {
        "node": "^20.19.0 || >=22.12.0"
      }
    },
    "node_modules/@rolldown/binding-linux-ppc64-gnu": {
      "version": "1.2.12",
      "resolved": "https://registry.npmjs.org/@rolldown/binding-linux-ppc64-gnu/-/binding-linux-ppc64-gnu-1.2.12.tgz",
      "integrity": "sha512-Rkcrmp7eFRg74yL5fXEU91JEWbdEPLevWwGtXpmhbjlD1StScbWTmO94Bhly+Mo+ketKYkdmM1vNUKeWSlx8cQ==",
      "cpu": [
        "ppc64"
      ],
      "libc": [
        "glibc"
      ],
      "license": "MIT",
      "optional": true,
      "os": [
        "linux"
      ],
      "engines": {
        "node": "^20.19.0 || >=22.12.0"
      }
    },
    "node_modules/@rolldown/binding-linux-s390x-gnu": {
      "version": "1.2.12",
      "resolved": "https://registry.npmjs.org/@rolldown/binding-linux-s390x-gnu/-/binding-linux-s390x-gnu-1.2.12.tgz",
      "integrity": "sha512-qvK4DuAsQc2BSjlx+Xr+IzOIvvxbGZqxFwdWfG6F518Erj0GGISyQbJ6pIappnOxlNPzNHvo/L0BwB30GZ+zVw==",
      "cpu": [
        "s390x"
      ],
      "libc": [
        "glibc"
      ],
      "license": "MIT",
      "optional": true,
      "os": [
        "linux"
      ],
      "engines": {
        "node": "^20.19.0 || >=22.12.0"
      }
    },
    "node_modules/@rolldown/binding-linux-x64-gnu": {
      "version": "1.2.12",
      "resolved": "https://registry.npmjs.org/@rolldown/binding-linux-x64-gnu/-/binding-linux-x64-gnu-1.2.12.tgz",
      "integrity": "sha512-Q9uLBO53Xd4QIq1WOycVQyPP1O4HhraEV2qqb3uTrnVw6QZih9duY4vNXOivL1xoUS1/z+W8eF4NMfl2a8Sdjw==",
      "cpu": [
        "x64"
      ],
      "libc": [
        "glibc"
      ],
      "license": "MIT",
      "optional": true,
      "os": [
        "linux"
      ],
      "engines": {
        "node": "^20.19.0 || >=22.12.0"
      }
    },
    "node_modules/@rolldown/binding-linu{~÷÷‹h‘éì¶»§q«^wã"„777FööÇ2ö772×Fö¶Væ—¦W$Bãã"’’„777FööÇ2ö772×Fö¶Væ—¦W$Bãã"¢t777FööÇ2ö772×'6W"ÖÆv÷&—F†×2s¢Bãã"„777FööÇ2ö772×Fö¶Væ—¦W$Bãã"¢t777FööÇ2ö772×Fö¶Væ—¦W"s¢Bãã ¢Ç'RÖ66†S¢ãRã0 ¢t6×W¦¶§öFöÒ×6VÆV7F÷$’ã"ãBs ¢FWVæFVæ6–W3 ¢&–F’Ö§3¢ãã ¢772×G&VS¢2ã"ã¢—2×÷FVçF–ÂÖ7W7FöÒÖVÆVÖVçBÖæÖS¢ãã¢Ç'RÖ66†S¢ãRã0 ¢t'&×W2÷7V6–f–6—G”"ãBã2s ¢FWVæFVæ6–W3 ¢772×G&VS¢2ã"ã ¢t777FööÇ2ö6öÆ÷"Ö†VÇW'4bãã"s¢·Ð ¢t777FööÇ2ö772Ö6Æ42ãBã2„777FööÇ2ö772×'6W"ÖÆv÷&—F†×4Bãã"„777FööÇ2ö772×Fö¶Væ—¦W$Bãã"’’„777FööÇ2ö772×Fö¶Væ—¦W$Bãã"’s ¢FWVæFVæ6–W3 ¢t777FööÇ2ö772×'6W"ÖÆv÷&—F†×2s¢Bãã"„777FööÇ2ö772×Fö¶Væ—¦W$Bãã"¢t777FööÇ2ö772×Fö¶Væ—¦W"s¢Bãã  ¢t777FööÇ2ö772Ö6öÆ÷"×'6W$Bã"ãb„777FööÇ2ö772×'6W"ÖÆv÷&—F†×4Bãã"„777FööÇ2ö772×Fö¶Væ—¦W$Bãã"’’„777FööÇ2ö772×Fö¶Væ—¦W$Bãã"’s ¢FWVæFVæ6–W3 ¢t777FööÇ2ö6öÆ÷"Ö†VÇW'2s¢bãã ¢t777FööÇ2ö772Ö6Æ2s¢2ãBã2„777FööÇ2ö772×'6W"ÖÆv÷&—F†×4Bãã"„777FööÇ2ö772×Fö¶Væ—¦W$Bãã"’’„777FööÇ2ö772×Fö¶Væ—¦W$Bãã"¢t777FööÇ2ö772×'6W"ÖÆv÷&—F†×2s¢Bãã"„777FööÇ2ö772×Fö¶Væ—¦W$Bãã"¢t777FööÇ2ö772×Fö¶Væ—¦W"s¢Bãã  ¢t777FööÇ2ö772×'6W"ÖÆv÷&—F†×4Bãã"„777FööÇ2ö772×Fö¶Væ—¦W$Bãã"’s ¢FWVæFVæ6–W3 ¢t777FööÇ2ö772×Fö¶Væ—¦W"s¢Bãã  ¢t777FööÇ2ö772×7–çF‚×F6†W2Öf÷"Ö777G&VTããR†772×G&VT2ã"ã’s ¢÷F–öæÄFWVæFVæ6–W3 ¢772×G&VS¢2ã"ã ¢t777FööÇ2ö772×Fö¶Væ—¦W$Bãã"s¢·Ð ¢tW†öGW2ö'—FW4ãbãs¢·Ð ¢t§&–FvWvVÆÂ÷&W6öÇfR×W&”2ãã"s¢·Ð ¢t§&–FvWvVÆÂ÷6÷W&6VÖÖ6öFV4ãbãs¢·Ð ¢t§&–FvWvVÆÂ÷G&6RÖÖ–ætã2ã3s ¢FWVæFVæ6–W3 ¢t§&–FvWvVÆÂ÷&W6öÇfR×W&’s¢2ãã ¢t§&–FvWvVÆÂ÷6÷W&6VÖÖ6öFV2s¢ãbã  ¢t÷†2×&ö¦V7B÷G—W4ãS"ãs¢·Ð ¢t&öÆÆF÷vâö&–æF–ærÖæG&ö–BÖ&ÒÖV&”ã"ã"s ¢÷F–öæÃ¢G'VP ¢t&öÆÆF÷vâö&–æF–ærÖæG&ö–BÖ&ÓcDã"ã"s ¢÷F–öæÃ¢G'VP ¢t&öÆÆF÷vâö&–æF–ærÖF'v–âÖ&ÓcDã"ã"s ¢÷F–öæÃ¢G'VP ¢t&öÆÆF÷vâö&–æF–ærÖF'v–â×ƒcDã"ã"s ¢÷F–öæÃ¢G'VP ¢t&öÆÆF÷vâö&–æF–ærÖg&VV'6B×ƒcDã"ã"s ¢÷F–öæÃ¢G'VP ¢t&öÆÆF÷vâö&–æF–ærÖÆ–çW‚Ö&ÒÖvçVV&–†dã"ã"s ¢÷F–öæÃ¢G'VP ¢t&öÆÆF÷vâö&–æF–ærÖÆ–çW‚Ö&ÓcBÖvçTã"ã"s ¢÷F–öæÃ¢G'VP ¢t&öÆÆF÷vâö&–æF–ærÖÆ–çW‚Ö&ÓcBÖ×W6Äã"ã"s ¢÷F–öæÃ¢G'VP ¢t&öÆÆF÷vâö&–æF–ærÖÆ–çW‚×3cBÖvçTã"ã"s ¢÷F–öæÃ¢G'VP ¢t&öÆÆF÷vâö&–æF–ærÖÆ–çW‚×33“‚ÖvçTã"ã"s ¢÷F–öæÃ¢G'VP ¢t&öÆÆF÷vâö&–æF–ærÖÆ–çW‚×ƒcBÖvçTã"ã"s ¢÷F–öæÃ¢G'VP ¢t&öÆÆF÷vâö&–æF–ærÖÆ–çW‚×ƒcBÖ×W6Äã"ã"s ¢÷F–öæÃ¢G'VP ¢t&öÆÆF÷vâö&–æF–ærÖ÷Væ†&Ööç’Ö&ÓcDã"ã"s ¢÷F–öæÃ¢G'VP ¢t&öÆÆF÷vâö&–æF–ær×v–ã3"Ö&ÓcBÖ×7f4ã"ã"s ¢÷F–öæÃ¢G'VP ¢t&öÆÆF÷vâö&–æF–ær×v–ã3"×ƒcBÖ×7f4ã"ã"s ¢÷F–öæÃ¢G'VP ¢t&öÆÆF÷vâ÷ÇVv–çWF–Ç4ããs¢·Ð ¢tG—W2ö6†”Rã"ã2s ¢FWVæFVæ6–W3 ¢tG—W2öFVWÖWÂs¢Bãã ¢76W'F–öâÖW'&÷#¢"ãã ¢tG—W2öFVWÖWÄBãã"s¢·Ð ¢tG—W2öW7G&VTãã’s¢·Ð ¢tG—W2÷&V7BÖFöÔ’ã2ã„G—W2÷&V7D’ã2ã’s ¢FWVæFVæ6–W3 ¢tG—W2÷&V7Bs¢’ã2ã  ¢tG—W2÷&V7D’ã2ãs ¢FWVæFVæ6–W3 ¢777G—S¢2ã"ã0 ¢tG—W67&—B÷G—W67&—BÖ—‚×3cDrãã"s ¢÷F–öæÃ¢G'VP ¢tG—W67&—B÷G—W67&—BÖF'v–âÖ&ÓcDrãã"s ¢÷F–öæÃ¢G'VP ¢tG—W67&—B÷G—W67&—BÖF'v–â×ƒcDrãã"s ¢÷F–öæÃ¢G'VP ¢tG—W67&—B÷G—W67&—BÖg&VV'6BÖ&ÓcDrãã"s ¢÷F–öæÃ¢G'VP ¢tG—W67&—B÷G—W67&—BÖg&VV'6B×ƒcDrãã"s ¢÷F–öæÃ¢G'VP ¢tG—W67&—B÷G—W67&—BÖÆ–çW‚Ö&ÓcDrãã"s ¢÷F–öæÃ¢G'VP ¢tG—W67&—B÷G—W67&—BÖÆ–çW‚Ö&Ôrãã"s ¢÷F–öæÃ¢G'VP ¢tG—W67&—B÷G—W67&—BÖÆ–çW‚ÖÆööæscDrãã"s ¢÷F–öæÃ¢G'VP ¢tG—W67&—B÷G—W67&—BÖÆ–çW‚ÖÖ—3cFVÄrãã"s ¢÷F–öæÃ¢G'VP ¢tG—W67&—B÷G—W67&—BÖÆ–çW‚×3cDrãã"s ¢÷F–öæÃ¢G'VP ¢tG—W67&—B÷G—W67&—BÖÆ–çW‚×&—67ccDrãã"s ¢÷F–öæÃ¢G'VP ¢tG—W67&—B÷G—W67&—BÖÆ–çW‚×33“„rãã"s ¢÷F–öæÃ¢G'VP ¢tG—W67&—B÷G—W67&—BÖÆ–çW‚×ƒcDrãã"s ¢÷F–öæÃ¢G'VP ¢tG—W67&—B÷G—W67&—BÖæWF'6BÖ&ÓcDrãã"s ¢÷F–öæÃ¢G'VP ¢tG—W67&—B÷G—W67&—BÖæWF'6B×ƒcDrãã"s ¢÷F–öæÃ¢G'VP ¢tG—W67&—B÷G—W67&—BÖ÷Væ'6BÖ&ÓcDrãã"s ¢÷F–öæÃ¢G'VP ¢tG—W67&—B÷G—W67&—BÖ÷Væ'6B×ƒcDrãã"s ¢÷F–öæÃ¢G'VP ¢tG—W67&—B÷G—W67&—B×7Væ÷2×ƒcDrãã"s ¢÷F–öæÃ¢G'VP ¢tG—W67&—B÷G—W67&—B×v–ã3"Ö&ÓcDrãã"s ¢÷F–öæÃ¢G'VP ¢tG—W67&—B÷G—W67&—B×v–ã3"×ƒcDrãã"s ¢÷F–öæÃ¢G'VP ¢tf—FV§2÷ÇVv–â×&V7Dbãã"‡f—FT‚ã2ã2’s ¢FWVæFVæ6–W3 ¢t&öÆÆF÷vâ÷ÇVv–çWF–Ç2s¢ãã¢f—FS¢‚ã2ã0 ¢tf—FW7BöÖö6¶W$Rãã2‡f—FT‚ã2ã2’s ¢FWVæFVæ6–W3 ¢t§&–FvWvVÆÂ÷G&6RÖÖ–ærs¢ã2ã3¢tf—FW7B÷7’s¢Rãã0¢W7G&VR×vÆ¶W#¢2ãã0¢Öv–2×7G&–æs¢ãBã0¢÷F–öæÄFWVæFVæ6–W3 ¢f—FS¢‚ã2ã0 ¢tf—FW7B÷7”Rãã2s¢·Ð ¢76W'F–öâÖW'&÷$"ãã¢·Ð ¢&6ScBÖ§4ãRã¢·Ð ¢&–F’Ö§4ãã ¢FWVæFVæ6–W3 ¢&WV—&RÖg&öÒ×7G&–æs¢"ãã  ¢&ÄBãã ¢FWVæFVæ6–W3 ¢'VffW#¢Rãrã¢–æ†W&—G3¢"ãã@¢&VF&ÆR×7G&VÓ¢2ãbã  ¢&×Ö§4ãã¢·Ð ¢'VffW$Rãrã ¢FWVæFVæ6–W3 ¢&6ScBÖ§3¢ãRã¢–VVSsSC¢ã"ã ¢6çf42ã"ã3 ¢FWVæFVæ6–W3 ¢æöFRÖFFöâÖ“¢rãã¢&V'V–ÆBÖ–ç7FÆÃ¢rãã0 ¢6†”bã2ã¢·Ð ¢6†÷vç$ããC¢·Ð ¢772×G&VT2ã"ã ¢FWVæFVæ6–W3 ¢ÖFâÖFF¢"ã#rã¢6÷W&6RÖÖÖ§3¢ã"ã  ¢777G—T2ã"ã3¢·Ð ¢FF×W&Ç4‚ãã ¢FWVæFVæ6–W3 ¢v†GvrÖÖ–ÖWG—S¢Rãã ¢v†Gvr×W&Ã¢rã"ã ¢G&ç6—F—fUVW$FWVæFVæ6–W3 ¢Òtæö&ÆRö†6†W2p ¢FV6–ÖÂæ§4ãbã¢·Ð ¢FV6ö×&W72×&W7öç6Tbãã ¢FWVæFVæ6–W3 ¢Ö–Ö–2×&W7öç6S¢2ãã  ¢FVWÖW‡FVæDãbã¢·Ð ¢FWFV7BÖÆ–&4"ãã#¢·Ð ¢VæBÖöb×7G&VÔãBãS ¢FWVæFVæ6–W3 ¢öæ6S¢ãBã  ¢VçF—F–W4‚ãã¢·Ð ¢W2ÖÖöGVÆRÖÆW†W$"ã2ã#¢·Ð ¢W7G&VR×vÆ¶W$2ãã3 ¢FWVæFVæ6–W3 ¢tG—W2öW7G&VRs¢ãã ¢W‡æB×FV×ÆFT"ãã3¢·Ð ¢W‡V7B×G—TãBã¢·Ð ¢fF—$bãRã‡–6öÖF6„Bããr“ ¢÷F–öæÄFWVæFVæ6–W3 ¢–6öÖF6ƒ¢Bããp ¢g2Ö6öç7FçG4ãã¢·Ð ¢g6WfVçG4"ã2ã3 ¢÷F–öæÃ¢G'VP ¢v—F‡V"Ög&öÒ×6¶vTãã¢·Ð ¢‡FÖÂÖVæ6öF–ær×6æ–ffW$rãã ¢FWVæFVæ6–W3 ¢tW†öGW2ö'—FW2s¢ãbã ¢G&ç6—F—fUVW$FWVæFVæ6–W3 ¢Òtæö&ÆRö†6†W2p ¢–F"Ö¶W—fÄbã2ã¢·Ð ¢–VVSsSDã"ã¢·Ð ¢–æ†W&—G4"ããC¢·Ð ¢–æ”ã2ãƒ¢·Ð ¢—2×÷FVçF–ÂÖ7W7FöÒÖVÆVÖVçBÖæÖTãã¢·Ð ¢—2×W&Äã"ãC¢·Ð ¢§6FöÔ3ãã"†6çf42ã"ã2“ ¢FWVæFVæ6–W3 ¢t6×W¦¶§ö772Ö6öÆ÷"s¢rãã0¢t6×W¦¶§öFöÒ×6VÆV7F÷"s¢’ã"ã@¢t'&×W2÷7V6–f–6—G’s¢"ãBã0¢t777FööÇ2ö772×7–çF‚×F6†W2Öf÷"Ö777G&VRs¢ããR†772×G&VT2ã"ã¢tW†öGW2ö'—FW2s¢ãbã ¢772×G&VS¢2ã"ã¢FF×W&Ç3¢‚ãã ¢FV6–ÖÂæ§3¢ãbã ¢‡FÖÂÖVæ6öF–ær×6æ–ffW#¢rãã ¢—2×÷FVçF–ÂÖ7W7FöÒÖVÆVÖVçBÖæÖS¢ãã¢Ç'RÖ66†S¢ãRã0¢'6SS¢‚ãã¢6†W3¢bãã ¢F÷Vv‚Ö6öö¶–S¢bãã ¢VæF–6“¢‚ãã ¢s62×†ÖÇ6W&–Æ—¦W#¢bãã ¢vV&–FÂÖ6öçfW'6–öç3¢‚ãã¢v†GvrÖÖ–ÖWG—S¢Rãã ¢v†Gvr×W&Ã¢rã"ã ¢†ÖÂÖæÖR×fÆ–FF÷#¢Rãã ¢÷F–öæÄFWVæFVæ6–W3 ¢6çf3¢2ã"ã0¢G&ç6—F—fUVW$FWVæFVæ6–W3 ¢Òtæö&ÆRö†6†W2p ¢Æ–v‡Fæ–æv772ÖæG&ö–BÖ&ÓcDã32ã ¢÷F–öæÃ¢G'VP ¢Æ–v‡Fæ–æv772ÖF'v–âÖ&ÓcDã32ã ¢÷F–öæÃ¢G'VP ¢Æ–v‡Fæ–æv772ÖF'v–â×ƒcDã32ã ¢÷F–öæÃ¢G'VP ¢Æ–v‡Fæ–æv772Ög&VV'6B×ƒcDã32ã ¢÷F–öæÃ¢G'VP ¢Æ–v‡Fæ–æv772ÖÆ–çW‚Ö&ÒÖvçVV&–†dã32ã ¢÷F–öæÃ¢G'VP ¢Æ–v‡Fæ–æv772ÖÆ–çW‚Ö&ÓcBÖvçTã32ã ¢÷F–öæÃ¢G'VP ¢Æ–v‡Fæ–æv772ÖÆ–çW‚Ö&ÓcBÖ×W6Äã32ã ¢÷F–öæÃ¢G'VP ¢Æ–v‡Fæ–æv772ÖÆ–çW‚×ƒcBÖvçTã32ã ¢÷F–öæÃ¢G'VP ¢Æ–v‡Fæ–æv772ÖÆ–çW‚×ƒcBÖ×W6Äã32ã ¢÷F–öæÃ¢G'VP ¢Æ–v‡Fæ–æv772×v–ã3"Ö&ÓcBÖ×7f4ã32ã ¢÷F–öæÃ¢G'VP ¢Æ–v‡Fæ–æv772×v–ã3"×ƒcBÖ×7f4ã32ã ¢÷F–öæÃ¢G'VP ¢Æ–v‡Fæ–æv774ã32ã ¢FWVæFVæ6–W3 ¢FWFV7BÖÆ–&3¢"ãã ¢÷F–öæÄFWVæFVæ6–W3 ¢Æ–v‡Fæ–æv772ÖæG&ö–BÖ&ÓcC¢ã32ã ¢Æ–v‡Fæ–æv772ÖF'v–âÖ&ÓcC¢ã32ã ¢Æ–v‡Fæ–æv772ÖF'v–â×ƒcC¢ã32ã ¢Æ–v‡Fæ–æv772Ög&VV'6B×ƒcC¢ã32ã ¢Æ–v‡Fæ–æv772ÖÆ–çW‚Ö&ÒÖvçVV&–†c¢ã32ã ¢Æ–v‡Fæ–æv772ÖÆ–çW‚Ö&ÓcBÖvçS¢ã32ã ¢Æ–v‡Fæ–æv772ÖÆ–çW‚Ö&ÓcBÖ×W6Ã¢ã32ã ¢Æ–v‡Fæ–æv772ÖÆ–çW‚×ƒcBÖvçS¢ã32ã ¢Æ–v‡Fæ–æv772ÖÆ–çW‚×ƒcBÖ×W6Ã¢ã32ã ¢Æ–v‡Fæ–æv772×v–ã3"Ö&ÓcBÖ×7f3¢ã32ã ¢Æ–v‡Fæ–æv772×v–ã3"×ƒcBÖ×7f3¢ã32ã  ¢Ç'RÖ66†TãRã3¢·Ð ¢Öv–2×7G&–ætãBã3 ¢FWVæFVæ6–W3 ¢t§&–FvWvVÆÂ÷6÷W&6VÖÖ6öFV2s¢ãbã  ¢ÖFâÖFF"ã#rã¢·Ð ¢Ö–Ö–2×&W7öç6T2ãã¢·Ð ¢Ö–æ–Ö—7Dã"ãƒ¢·Ð ¢Ö¶F—'Ö6Æ76–4ãRã3¢·Ð ¢ææö–D2ã2ã#¢·Ð ¢æ’Ö'V–ÆB×WF–Ç4"ãã¢·Ð ¢æöFRÖ&”2ã“rã ¢FWVæFVæ6–W3 ¢6V×fW#¢rã‚ãP ¢æöFRÖFFöâÖ”rãã¢·Ð ¢æöFRÖfWF6„"ãrã ¢FWVæFVæ6–W3 ¢v†Gvr×W&Ã¢Rãã  ¢ö'Vt"ã"ã¢·Ð ¢öæ6TãBã ¢FWVæFVæ6–W3 ¢w&“¢ãã  ¢÷Væ6öÆÆV7F—fR×÷7F–ç7FÆÄ"ãã3¢·Ð ¢'6ST‚ãã ¢FWVæFVæ6–W3 ¢VçF—F–W3¢‚ãã  ¢–6ö6öÆ÷'4ãã¢·Ð ¢–6öÖF6„Bããs¢·Ð ¢÷7F774‚ãRã#“ ¢FWVæFVæ6–W3 ¢ææö–C¢2ã2ã# ¢–6ö6öÆ÷'3¢ãã¢6÷W&6RÖÖÖ§3¢ã"ã  ¢&V'V–ÆBÖ–ç7FÆÄrãã3 ¢FWVæFVæ6–W3 ¢FWFV7BÖÆ–&3¢"ãã ¢W‡æB×FV×ÆFS¢"ãã0¢v—F‡V"Ög&öÒ×6¶vS¢ãã ¢Ö–æ–Ö—7C¢ã"ã€¢Ö¶F—'Ö6Æ76–3¢ãRã0¢æ’Ö'V–ÆB×WF–Ç3¢"ãã ¢æöFRÖ&“¢2ã“rã ¢V×¢2ãã@¢&3¢ã"ã€¢6–×ÆRÖvWC¢Bãã¢F"Ög3¢"ããP¢GVææVÂÖvVçC¢ãbã  ¢V×2ããC ¢FWVæFVæ6–W3 ¢VæBÖöb×7G&VÓ¢ãBãP¢öæ6S¢ãBã  ¢Vç–6öFT"ã2ã¢·Ð ¢&4ã"ãƒ ¢FWVæFVæ6–W3 ¢FVWÖW‡FVæC¢ãbã ¢–æ“¢ã2ã€¢Ö–æ–Ö—7C¢ã"ã€¢7G&—Ö§6öâÖ6öÖÖVçG3¢"ãã ¢&V7BÖFöÔ’ã2ã‡&V7D’ã2ã“ ¢FWVæFVæ6–W3 ¢&V7C¢’ã2ã ¢66†VGVÆW#¢ã#‚ã  ¢&V7D’ã2ã¢·Ð ¢&VF&ÆR×7G&VÔ2ãbã# ¢FWVæFVæ6–W3 ¢–æ†W&—G3¢"ãã@¢7G&–æuöFV6öFW#¢ã2ã ¢WF–ÂÖFW&V6FS¢ãã  ¢&VvVæW&F÷"×'VçF–ÖTã2ã¢·Ð ¢&WV—&RÖg&öÒ×7G&–æt"ãã#¢·Ð ¢&öÆÆF÷väã"ã# ¢FWVæFVæ6–W3 ¢t÷†2×&ö¦V7B÷G—W2s¢ãS"ã ¢t&öÆÆF÷vâ÷ÇVv–çWF–Ç2s¢ãã¢÷F–öæÄFWVæFVæ6–W3 ¢t&öÆÆF÷vâö&–æF–ærÖæG&ö–BÖ&ÒÖV&’s¢ã"ã ¢t&öÆÆF÷vâö&–æF–ærÖæG&ö–BÖ&ÓcBs¢ã"ã ¢t&öÆÆF÷vâö&–æF–ærÖF'v–âÖ&ÓcBs¢ã"ã ¢t&öÆÆF÷vâö&–æF–ærÖF'v–â×ƒcBs¢ã"ã ¢t&öÆÆF÷vâö&–æF–ærÖg&VV'6B×ƒcBs¢ã"ã ¢t&öÆÆF÷vâö&–æF–ærÖÆ–çW‚Ö&ÒÖvçVV&–†bs¢ã"ã ¢t&öÆÆF÷vâö&–æF–ærÖÆ–çW‚Ö&ÓcBÖvçRs¢ã"ã ¢t&öÆÆF÷vâö&–æF–ærÖÆ–çW‚Ö&ÓcBÖ×W6Âs¢ã"ã ¢t&öÆÆF÷vâö&–æF–ærÖÆ–çW‚×3cBÖvçRs¢ã"ã ¢t&öÆÆF÷vâö&–æF–ærÖÆ–çW‚×33“‚ÖvçRs¢ã"ã ¢t&öÆÆF÷vâö&–æF–ærÖÆ–çW‚×ƒcBÖvçRs¢ã"ã ¢t&öÆÆF÷vâö&–æF–ærÖÆ–çW‚×ƒcBÖ×W6Âs¢ã"ã ¢t&öÆÆF÷vâö&–æF–ærÖ÷Væ†&Ööç’Ö&ÓcBs¢ã"ã ¢t&öÆÆF÷vâö&–æF–ær×v–ã3"Ö&ÓcBÖ×7f2s¢ã"ã ¢t&öÆÆF÷vâö&–æF–ær×v–ã3"×ƒcBÖ×7f2s¢ã"ã  ¢6fRÖ'VffW$Rã"ã¢·Ð ¢6†W4bãã ¢FWVæFVæ6–W3 ¢†ÖÆ6†'3¢"ã"ã  ¢66†VGVÆW$ã#‚ã¢·Ð ¢6V×fW$rã‚ãS¢·Ð ¢6–×ÆRÖ6öæ6Dãã¢·Ð ¢6–×ÆRÖvWDBãã ¢FWVæFVæ6–W3 ¢FV6ö×&W72×&W7öç6S¢bãã ¢öæ6S¢ãBã ¢6–×ÆRÖ6öæ6C¢ãã ¢6÷W&6RÖÖÖ§4ã"ã#¢·Ð ¢7FBÖVçdBã2ã¢·Ð ¢7G&–æuöFV6öFW$ã2ã ¢FWVæFVæ6–W3 ¢6fRÖ'VffW#¢Rã"ã ¢7G&—Ö§6öâÖ6öÖÖVçG4"ãã¢·Ð ¢F"Ög4"ããS ¢FWVæFVæ6–W3 ¢6†÷vç#¢ãã@¢Ö¶F—'Ö6Æ76–3¢ãRã0¢V×¢2ãã@¢F"×7G&VÓ¢"ã"ã  ¢F"×7G&VÔ"ã"ã ¢FWVæFVæ6–W3 ¢&Ã¢Bãã ¢VæBÖöb×7G&VÓ¢ãBãP¢g2Ö6öç7FçG3¢ãã ¢–æ†W&—G3¢"ãã@¢&VF&ÆR×7G&VÓ¢2ãbã  ¢FW76W&7Bæ§2Ö6÷&Trãã¢·Ð ¢FW76W&7Bæ§4rãã ¢FWVæFVæ6–W3 ¢&×Ö§3¢ãã ¢–F"Ö¶W—fÃ¢bã2ã ¢—2×W&Ã¢ã"ã@¢æöFRÖfWF6ƒ¢"ãrã ¢÷Væ6öÆÆV7F—fR×÷7F–ç7FÆÃ¢"ãã0¢&VvVæW&F÷"×'VçF–ÖS¢ã2ã¢FW76W&7Bæ§2Ö6÷&S¢rãã ¢v6ÒÖfVGW&RÖFWFV7C¢ã’ã ¢¦Æ–&§3¢ã2ã¢G&ç6—F—fUVW$FWVæFVæ6–W3 ¢ÒVæ6öF–æp ¢F–ç–&Væ6„bã"ã¢·Ð ¢F–ç–W†V4ã2ã¢·Ð ¢F–ç–vÆö&'”ã"ãs ¢FWVæFVæ6–W3 ¢fF—#¢bãRã‡–6öÖF6„Bããr¢–6öÖF6ƒ¢Bããp ¢FÆGG2Ö6÷&TrãBãc¢·Ð ¢FÆGG4rãBãc ¢FWVæFVæ6–W3 ¢FÆGG2Ö6÷&S¢rãBã` ¢F÷Vv‚Ö6öö¶–Tbãã# ¢FWVæFVæ6–W3 ¢FÆGG3¢rãBã` ¢G#Cdãã3¢·Ð ¢G#Cdrãã ¢FWVæFVæ6–W3 ¢Vç–6öFS¢"ã2ã ¢GVææVÂÖvVçDãbã ¢FWVæFVæ6–W3 ¢6fRÖ'VffW#¢Rã"ã ¢G—W67&—Drãã# ¢÷F–öæÄFWVæFVæ6–W3 ¢tG—W67&—B÷G—W67&—BÖ—‚×3cBs¢rãã ¢tG—W67&—B÷G—W67&—BÖF'v–âÖ&ÓcBs¢rãã ¢tG—W67&—B÷G—W67&—BÖF'v–â×ƒcBs¢rãã ¢tG—W67&—B÷G—W67&—BÖg&VV'6BÖ&ÓcBs¢rãã ¢tG—W67&—B÷G—W67&—BÖg&VV'6B×ƒcBs¢rãã ¢tG—W67&—B÷G—W67&—BÖÆ–çW‚Ö&Òs¢rãã ¢tG—W67&—B÷G—W67&—BÖÆ–çW‚Ö&ÓcBs¢rãã ¢tG—W67&—B÷G—W67&—BÖÆ–çW‚ÖÆööæscBs¢rãã ¢tG—W67&—B÷G—W67&—BÖÆ–çW‚ÖÖ—3cFVÂs¢rãã ¢tG—W67&—B÷G—W67&—BÖÆ–çW‚×3cBs¢rãã ¢tG—W67&—B÷G—W67&—BÖÆ–çW‚×&—67ccBs¢rãã ¢tG—W67&—B÷G—W67&—BÖÆ–çW‚×33“‚s¢rãã ¢tG—W67&—B÷G—W67&—BÖÆ–çW‚×ƒcBs¢rãã ¢tG—W67&—B÷G—W67&—BÖæWF'6BÖ&ÓcBs¢rãã ¢tG—W67&—B÷G—W67&—BÖæWF'6B×ƒcBs¢rãã ¢tG—W67&—B÷G—W67&—BÖ÷Væ'6BÖ&ÓcBs¢rãã ¢tG—W67&—B÷G—W67&—BÖ÷Væ'6B×ƒcBs¢rãã ¢tG—W67&—B÷G—W67&—B×7Væ÷2×ƒcBs¢rãã ¢tG—W67&—B÷G—W67&—B×v–ã3"Ö&ÓcBs¢rãã ¢tG—W67&—B÷G—W67&—B×v–ã3"×ƒcBs¢rãã  ¢VæF–6”‚ãã#¢·Ð ¢WF–ÂÖFW&V6FTãã#¢·Ð ¢f—FT‚ã2ã3 ¢FWVæFVæ6–W3 ¢Æ–v‡Fæ–æv773¢ã32ã ¢–6öÖF6ƒ¢Bããp¢÷7F773¢‚ãRã#¢&öÆÆF÷vã¢ã"ã ¢F–ç–vÆö&'“¢ã"ãp¢÷F–öæÄFWVæFVæ6–W3 ¢g6WfVçG3¢"ã2ã0 ¢f—FW7DRãã2†§6FöÔ3ãã"†6çf42ã"ã2’’‡f—FT‚ã2ã2“ ¢FWVæFVæ6–W3 ¢tG—W2ö6†’s¢Rã"ã0¢tf—FW7BöÖö6¶W"s¢Rãã2‡f—FT‚ã2ã2¢6†“¢bã2ã ¢W2ÖÖöGVÆRÖÆW†W#¢"ã2ã ¢W‡V7B×G—S¢ãBã ¢Öv–2×7G&–æs¢ãBã0¢ö'Vs¢"ã"ã¢–6öÖF6ƒ¢Bããp¢7FBÖVçc¢Bã2ã ¢F–ç–&Væ6ƒ¢bã"ã¢F–ç–W†V3¢ã2ã¢F–ç–vÆö&'“¢ã"ãp¢f—FS¢‚ã2ã0¢v‡’Ö—2ÖæöFR×'Vææ–æs¢2ã"ã¢÷F–öæÄFWVæFVæ6–W3 ¢§6FöÓ¢3ãã"†6çf42ã"ã2¢G&ç6—F—fUVW$FWVæFVæ6–W3 ¢Ò×7p ¢s62×†ÖÇ6W&–Æ—¦W$bãã ¢FWVæFVæ6–W3 ¢†ÖÂÖæÖR×fÆ–FF÷#¢Rãã  ¢v6ÒÖfVGW&RÖFWFV7Dã’ã¢·Ð ¢vV&–FÂÖ6öçfW'6–öç42ãã¢·Ð ¢vV&–FÂÖ6öçfW'6–öç4‚ãã¢·Ð ¢v†GvrÖÖ–ÖWG—TRãã¢·Ð ¢v†Gvr×W&Ärã"ã ¢FWVæFVæ6–W3 ¢tW†öGW2ö'—FW2s¢ãbã ¢G#Cc¢rãã ¢vV&–FÂÖ6öçfW'6–öç3¢‚ãã¢G&ç6—F—fUVW$FWVæFVæ6–W3 ¢Òtæö&ÆRö†6†W2p ¢v†Gvr×W&ÄRãã ¢FWVæFVæ6–W3 ¢G#Cc¢ãã0¢vV&–FÂÖ6öçfW'6–öç3¢2ãã ¢v‡’Ö—2ÖæöFR×'Vææ–æt2ã"ã¢·Ð ¢w&”ãã#¢·Ð ¢†ÖÂÖæÖR×fÆ–FF÷$Rãã¢·Ð ¢†ÖÆ6†'4"ã"ã¢·Ð ¢¦Æ–&§4ã2ã¢·Ð 